
Microsoft Visual Studio Solution File, Format Version 12.00
# Visual Studio 15
VisualStudioVersion = 15.0.28010.0
MinimumVisualStudioVersion = 10.0.40219.1
Project("{FAE04EC0-301F-11D3-BF4B-00C04F79EFBC}") = "radians into degrees", "radians into degrees\radians into degrees.csproj", "{70DD7DD8-7733-47D5-A2E9-F7AE2B97B5A5}"
EndProject
Global
	GlobalSection(SolutionConfigurationPlatforms) = preSolution
		Debug|Any CPU = Debug|Any CPU
		Release|Any CPU = Release|Any CPU
	EndGlobalSection
	GlobalSection(ProjectConfigurationPlatforms) = postSolution
		{70DD7DD8-7733-47D5-A2E9-F7AE2B97B5A5}.Debug|Any CPU.ActiveCfg = Debug|Any CPU
		{70DD7DD8-7733-47D5-A2E9-F7AE2B97B5A5}.Debug|Any CPU.Build.0 = Debug|Any CPU
		{70DD7DD8-7733-47D5-A2E9-F7AE2B97B5A5}.Release|Any CPU.ActiveCfg = Release|Any CPU
		{70DD7DD8-7733-47D5-A2E9-F7AE2B97B5A5}.Release|Any CPU.Build.0 = Release|Any CPU
	EndGlobalSection
	GlobalSection(SolutionProperties) = preSolution
		HideSolutionNode = FALSE
	EndGlobalSection
	GlobalSection(ExtensibilityGlobals) = postSolution
		SolutionGuid = {AAD88967-7B2C-424C-8FD0-47D433059956}
	EndGlobalSection
EndGlobal
