
Microsoft Visual Studio Solution File, Format Version 12.00
# Visual Studio 15
VisualStudioVersion = 15.0.28010.0
MinimumVisualStudioVersion = 10.0.40219.1
Project("{FAE04EC0-301F-11D3-BF4B-00C04F79EFBC}") = "Half Sum Element", "Half Sum Element\Half Sum Element.csproj", "{F52C93D2-D192-419C-B0BF-CC8D6A966EDE}"
EndProject
Global
	GlobalSection(SolutionConfigurationPlatforms) = preSolution
		Debug|Any CPU = Debug|Any CPU
		Release|Any CPU = Release|Any CPU
	EndGlobalSection
	GlobalSection(ProjectConfigurationPlatforms) = postSolution
		{F52C93D2-D192-419C-B0BF-CC8D6A966EDE}.Debug|Any CPU.ActiveCfg = Debug|Any CPU
		{F52C93D2-D192-419C-B0BF-CC8D6A966EDE}.Debug|Any CPU.Build.0 = Debug|Any CPU
		{F52C93D2-D192-419C-B0BF-CC8D6A966EDE}.Release|Any CPU.ActiveCfg = Release|Any CPU
		{F52C93D2-D192-419C-B0BF-CC8D6A966EDE}.Release|Any CPU.Build.0 = Release|Any CPU
	EndGlobalSection
	GlobalSection(SolutionProperties) = preSolution
		HideSolutionNode = FALSE
	EndGlobalSection
	GlobalSection(ExtensibilityGlobals) = postSolution
		SolutionGuid = {77CF903E-532A-488F-B3E3-3008D2BAC527}
	EndGlobalSection
EndGlobal
