
Microsoft Visual Studio Solution File, Format Version 12.00
# Visual Studio 15
VisualStudioVersion = 15.0.28010.0
MinimumVisualStudioVersion = 10.0.40219.1
Project("{FAE04EC0-301F-11D3-BF4B-00C04F79EFBC}") = "Fruit or Vegetable", "Fruit or Vegetable\Fruit or Vegetable.csproj", "{FAB0D1E8-A5F4-422C-98DF-72CDAB3D7F61}"
EndProject
Global
	GlobalSection(SolutionConfigurationPlatforms) = preSolution
		Debug|Any CPU = Debug|Any CPU
		Release|Any CPU = Release|Any CPU
	EndGlobalSection
	GlobalSection(ProjectConfigurationPlatforms) = postSolution
		{FAB0D1E8-A5F4-422C-98DF-72CDAB3D7F61}.Debug|Any CPU.ActiveCfg = Debug|Any CPU
		{FAB0D1E8-A5F4-422C-98DF-72CDAB3D7F61}.Debug|Any CPU.Build.0 = Debug|Any CPU
		{FAB0D1E8-A5F4-422C-98DF-72CDAB3D7F61}.Release|Any CPU.ActiveCfg = Release|Any CPU
		{FAB0D1E8-A5F4-422C-98DF-72CDAB3D7F61}.Release|Any CPU.Build.0 = Release|Any CPU
	EndGlobalSection
	GlobalSection(SolutionProperties) = preSolution
		HideSolutionNode = FALSE
	EndGlobalSection
	GlobalSection(ExtensibilityGlobals) = postSolution
		SolutionGuid = {D42A391A-1E31-4B6C-80AA-F5F9D37DCD8E}
	EndGlobalSection
EndGlobal
