
Microsoft Visual Studio Solution File, Format Version 12.00
# Visual Studio 15
VisualStudioVersion = 15.0.28010.0
MinimumVisualStudioVersion = 10.0.40219.1
Project("{FAE04EC0-301F-11D3-BF4B-00C04F79EFBC}") = "cr8 text+numbers", "cr8 text+numbers\cr8 text+numbers.csproj", "{F6E20621-5234-4B07-844F-F10506651351}"
EndProject
Global
	GlobalSection(SolutionConfigurationPlatforms) = preSolution
		Debug|Any CPU = Debug|Any CPU
		Release|Any CPU = Release|Any CPU
	EndGlobalSection
	GlobalSection(ProjectConfigurationPlatforms) = postSolution
		{F6E20621-5234-4B07-844F-F10506651351}.Debug|Any CPU.ActiveCfg = Debug|Any CPU
		{F6E20621-5234-4B07-844F-F10506651351}.Debug|Any CPU.Build.0 = Debug|Any CPU
		{F6E20621-5234-4B07-844F-F10506651351}.Release|Any CPU.ActiveCfg = Release|Any CPU
		{F6E20621-5234-4B07-844F-F10506651351}.Release|Any CPU.Build.0 = Release|Any CPU
	EndGlobalSection
	GlobalSection(SolutionProperties) = preSolution
		HideSolutionNode = FALSE
	EndGlobalSection
	GlobalSection(ExtensibilityGlobals) = postSolution
		SolutionGuid = {DFF27A92-DF09-4AFF-8570-6EEA56BDB988}
	EndGlobalSection
EndGlobal
