
Microsoft Visual Studio Solution File, Format Version 12.00
# Visual Studio 15
VisualStudioVersion = 15.0.28010.2016
MinimumVisualStudioVersion = 10.0.40219.1
Project("{FAE04EC0-301F-11D3-BF4B-00C04F79EFBC}") = "EnterEvenNumber", "EnterEvenNumber\EnterEvenNumber.csproj", "{7F5533AF-5793-419A-9135-3550BF25E791}"
EndProject
Global
	GlobalSection(SolutionConfigurationPlatforms) = preSolution
		Debug|Any CPU = Debug|Any CPU
		Release|Any CPU = Release|Any CPU
	EndGlobalSection
	GlobalSection(ProjectConfigurationPlatforms) = postSolution
		{7F5533AF-5793-419A-9135-3550BF25E791}.Debug|Any CPU.ActiveCfg = Debug|Any CPU
		{7F5533AF-5793-419A-9135-3550BF25E791}.Debug|Any CPU.Build.0 = Debug|Any CPU
		{7F5533AF-5793-419A-9135-3550BF25E791}.Release|Any CPU.ActiveCfg = Release|Any CPU
		{7F5533AF-5793-419A-9135-3550BF25E791}.Release|Any CPU.Build.0 = Release|Any CPU
	EndGlobalSection
	GlobalSection(SolutionProperties) = preSolution
		HideSolutionNode = FALSE
	EndGlobalSection
	GlobalSection(ExtensibilityGlobals) = postSolution
		SolutionGuid = {EE36BDA6-5923-45F7-BC25-3A1E4D538328}
	EndGlobalSection
EndGlobal
