
Microsoft Visual Studio Solution File, Format Version 12.00
# Visual Studio 15
VisualStudioVersion = 15.0.28010.0
MinimumVisualStudioVersion = 10.0.40219.1
Project("{FAE04EC0-301F-11D3-BF4B-00C04F79EFBC}") = "Rectangle of N x N Stars", "Rectangle of N x N Stars\Rectangle of N x N Stars.csproj", "{5756D8B4-B02A-43DB-91C2-8FF065FA4A06}"
EndProject
Global
	GlobalSection(SolutionConfigurationPlatforms) = preSolution
		Debug|Any CPU = Debug|Any CPU
		Release|Any CPU = Release|Any CPU
	EndGlobalSection
	GlobalSection(ProjectConfigurationPlatforms) = postSolution
		{5756D8B4-B02A-43DB-91C2-8FF065FA4A06}.Debug|Any CPU.ActiveCfg = Debug|Any CPU
		{5756D8B4-B02A-43DB-91C2-8FF065FA4A06}.Debug|Any CPU.Build.0 = Debug|Any CPU
		{5756D8B4-B02A-43DB-91C2-8FF065FA4A06}.Release|Any CPU.ActiveCfg = Release|Any CPU
		{5756D8B4-B02A-43DB-91C2-8FF065FA4A06}.Release|Any CPU.Build.0 = Release|Any CPU
	EndGlobalSection
	GlobalSection(SolutionProperties) = preSolution
		HideSolutionNode = FALSE
	EndGlobalSection
	GlobalSection(ExtensibilityGlobals) = postSolution
		SolutionGuid = {DEAD42FC-EDDC-4047-A236-B1A3B4E4646C}
	EndGlobalSection
EndGlobal
