
Microsoft Visual Studio Solution File, Format Version 12.00
# Visual Studio 15
VisualStudioVersion = 15.0.28010.0
MinimumVisualStudioVersion = 10.0.40219.1
Project("{FAE04EC0-301F-11D3-BF4B-00C04F79EFBC}") = "Tom", "Tom\Tom.csproj", "{778C4A60-7A01-447C-8E8F-DB9EB36569A8}"
EndProject
Global
	GlobalSection(SolutionConfigurationPlatforms) = preSolution
		Debug|Any CPU = Debug|Any CPU
		Release|Any CPU = Release|Any CPU
	EndGlobalSection
	GlobalSection(ProjectConfigurationPlatforms) = postSolution
		{778C4A60-7A01-447C-8E8F-DB9EB36569A8}.Debug|Any CPU.ActiveCfg = Debug|Any CPU
		{778C4A60-7A01-447C-8E8F-DB9EB36569A8}.Debug|Any CPU.Build.0 = Debug|Any CPU
		{778C4A60-7A01-447C-8E8F-DB9EB36569A8}.Release|Any CPU.ActiveCfg = Release|Any CPU
		{778C4A60-7A01-447C-8E8F-DB9EB36569A8}.Release|Any CPU.Build.0 = Release|Any CPU
	EndGlobalSection
	GlobalSection(SolutionProperties) = preSolution
		HideSolutionNode = FALSE
	EndGlobalSection
	GlobalSection(ExtensibilityGlobals) = postSolution
		SolutionGuid = {F89B546F-DA56-44E7-BA3E-F9E3DEBB632B}
	EndGlobalSection
EndGlobal
