
Microsoft Visual Studio Solution File, Format Version 12.00
# Visual Studio 15
VisualStudioVersion = 15.0.28010.0
MinimumVisualStudioVersion = 10.0.40219.1
Project("{FAE04EC0-301F-11D3-BF4B-00C04F79EFBC}") = "MaxSymbols of double", "MaxSymbols of double\MaxSymbols of double.csproj", "{735B34F6-99B7-4A05-8A8B-7FFB66C64049}"
EndProject
Global
	GlobalSection(SolutionConfigurationPlatforms) = preSolution
		Debug|Any CPU = Debug|Any CPU
		Release|Any CPU = Release|Any CPU
	EndGlobalSection
	GlobalSection(ProjectConfigurationPlatforms) = postSolution
		{735B34F6-99B7-4A05-8A8B-7FFB66C64049}.Debug|Any CPU.ActiveCfg = Debug|Any CPU
		{735B34F6-99B7-4A05-8A8B-7FFB66C64049}.Debug|Any CPU.Build.0 = Debug|Any CPU
		{735B34F6-99B7-4A05-8A8B-7FFB66C64049}.Release|Any CPU.ActiveCfg = Release|Any CPU
		{735B34F6-99B7-4A05-8A8B-7FFB66C64049}.Release|Any CPU.Build.0 = Release|Any CPU
	EndGlobalSection
	GlobalSection(SolutionProperties) = preSolution
		HideSolutionNode = FALSE
	EndGlobalSection
	GlobalSection(ExtensibilityGlobals) = postSolution
		SolutionGuid = {9A2B1733-7717-420F-8DF5-DF6D6D781694}
	EndGlobalSection
EndGlobal
