
Microsoft Visual Studio Solution File, Format Version 12.00
# Visual Studio 15
VisualStudioVersion = 15.0.28010.0
MinimumVisualStudioVersion = 10.0.40219.1
Project("{FAE04EC0-301F-11D3-BF4B-00C04F79EFBC}") = "1000days", "1000days\1000days.csproj", "{531CD6B2-33BF-435A-89DE-5CA00AA8886F}"
EndProject
Global
	GlobalSection(SolutionConfigurationPlatforms) = preSolution
		Debug|Any CPU = Debug|Any CPU
		Release|Any CPU = Release|Any CPU
	EndGlobalSection
	GlobalSection(ProjectConfigurationPlatforms) = postSolution
		{531CD6B2-33BF-435A-89DE-5CA00AA8886F}.Debug|Any CPU.ActiveCfg = Debug|Any CPU
		{531CD6B2-33BF-435A-89DE-5CA00AA8886F}.Debug|Any CPU.Build.0 = Debug|Any CPU
		{531CD6B2-33BF-435A-89DE-5CA00AA8886F}.Release|Any CPU.ActiveCfg = Release|Any CPU
		{531CD6B2-33BF-435A-89DE-5CA00AA8886F}.Release|Any CPU.Build.0 = Release|Any CPU
	EndGlobalSection
	GlobalSection(SolutionProperties) = preSolution
		HideSolutionNode = FALSE
	EndGlobalSection
	GlobalSection(ExtensibilityGlobals) = postSolution
		SolutionGuid = {ACEAD024-F228-4982-BB19-0F9E7BAA32E2}
	EndGlobalSection
EndGlobal
