
Microsoft Visual Studio Solution File, Format Version 12.00
# Visual Studio 15
VisualStudioVersion = 15.0.28010.0
MinimumVisualStudioVersion = 10.0.40219.1
Project("{FAE04EC0-301F-11D3-BF4B-00C04F79EFBC}") = "Money", "Money\Money.csproj", "{2EE6045B-DAD0-4329-8E74-E78F161348A0}"
EndProject
Global
	GlobalSection(SolutionConfigurationPlatforms) = preSolution
		Debug|Any CPU = Debug|Any CPU
		Release|Any CPU = Release|Any CPU
	EndGlobalSection
	GlobalSection(ProjectConfigurationPlatforms) = postSolution
		{2EE6045B-DAD0-4329-8E74-E78F161348A0}.Debug|Any CPU.ActiveCfg = Debug|Any CPU
		{2EE6045B-DAD0-4329-8E74-E78F161348A0}.Debug|Any CPU.Build.0 = Debug|Any CPU
		{2EE6045B-DAD0-4329-8E74-E78F161348A0}.Release|Any CPU.ActiveCfg = Release|Any CPU
		{2EE6045B-DAD0-4329-8E74-E78F161348A0}.Release|Any CPU.Build.0 = Release|Any CPU
	EndGlobalSection
	GlobalSection(SolutionProperties) = preSolution
		HideSolutionNode = FALSE
	EndGlobalSection
	GlobalSection(ExtensibilityGlobals) = postSolution
		SolutionGuid = {E64D4CBB-6F84-42E2-81B6-7DF39E519635}
	EndGlobalSection
EndGlobal
