
Microsoft Visual Studio Solution File, Format Version 12.00
# Visual Studio 15
VisualStudioVersion = 15.0.28010.0
MinimumVisualStudioVersion = 10.0.40219.1
Project("{FAE04EC0-301F-11D3-BF4B-00C04F79EFBC}") = "MetricCovertor", "MetricCovertor\MetricCovertor.csproj", "{38C8D14F-1FF8-4BFD-81F3-6FC4F5242680}"
EndProject
Global
	GlobalSection(SolutionConfigurationPlatforms) = preSolution
		Debug|Any CPU = Debug|Any CPU
		Release|Any CPU = Release|Any CPU
	EndGlobalSection
	GlobalSection(ProjectConfigurationPlatforms) = postSolution
		{38C8D14F-1FF8-4BFD-81F3-6FC4F5242680}.Debug|Any CPU.ActiveCfg = Debug|Any CPU
		{38C8D14F-1FF8-4BFD-81F3-6FC4F5242680}.Debug|Any CPU.Build.0 = Debug|Any CPU
		{38C8D14F-1FF8-4BFD-81F3-6FC4F5242680}.Release|Any CPU.ActiveCfg = Release|Any CPU
		{38C8D14F-1FF8-4BFD-81F3-6FC4F5242680}.Release|Any CPU.Build.0 = Release|Any CPU
	EndGlobalSection
	GlobalSection(SolutionProperties) = preSolution
		HideSolutionNode = FALSE
	EndGlobalSection
	GlobalSection(ExtensibilityGlobals) = postSolution
		SolutionGuid = {A713D77A-0FFE-4F82-998F-5795110BE4D0}
	EndGlobalSection
EndGlobal
