
Microsoft Visual Studio Solution File, Format Version 12.00
# Visual Studio 15
VisualStudioVersion = 15.0.28010.0
MinimumVisualStudioVersion = 10.0.40219.1
Project("{FAE04EC0-301F-11D3-BF4B-00C04F79EFBC}") = "Math.Ceiling", "Math.Ceiling\Math.Ceiling.csproj", "{771051DF-052C-490F-BB25-B62D5BCC71C4}"
EndProject
Global
	GlobalSection(SolutionConfigurationPlatforms) = preSolution
		Debug|Any CPU = Debug|Any CPU
		Release|Any CPU = Release|Any CPU
	EndGlobalSection
	GlobalSection(ProjectConfigurationPlatforms) = postSolution
		{771051DF-052C-490F-BB25-B62D5BCC71C4}.Debug|Any CPU.ActiveCfg = Debug|Any CPU
		{771051DF-052C-490F-BB25-B62D5BCC71C4}.Debug|Any CPU.Build.0 = Debug|Any CPU
		{771051DF-052C-490F-BB25-B62D5BCC71C4}.Release|Any CPU.ActiveCfg = Release|Any CPU
		{771051DF-052C-490F-BB25-B62D5BCC71C4}.Release|Any CPU.Build.0 = Release|Any CPU
	EndGlobalSection
	GlobalSection(SolutionProperties) = preSolution
		HideSolutionNode = FALSE
	EndGlobalSection
	GlobalSection(ExtensibilityGlobals) = postSolution
		SolutionGuid = {BCE55B3E-9F63-4554-9848-C023C50321F6}
	EndGlobalSection
EndGlobal
