
Microsoft Visual Studio Solution File, Format Version 12.00
# Visual Studio 15
VisualStudioVersion = 15.0.28010.0
MinimumVisualStudioVersion = 10.0.40219.1
Project("{FAE04EC0-301F-11D3-BF4B-00C04F79EFBC}") = "over maxvalue int", "over maxvalue int\over maxvalue int.csproj", "{9DA02AAC-02F7-4A3B-A870-535027F6E53C}"
EndProject
Global
	GlobalSection(SolutionConfigurationPlatforms) = preSolution
		Debug|Any CPU = Debug|Any CPU
		Release|Any CPU = Release|Any CPU
	EndGlobalSection
	GlobalSection(ProjectConfigurationPlatforms) = postSolution
		{9DA02AAC-02F7-4A3B-A870-535027F6E53C}.Debug|Any CPU.ActiveCfg = Debug|Any CPU
		{9DA02AAC-02F7-4A3B-A870-535027F6E53C}.Debug|Any CPU.Build.0 = Debug|Any CPU
		{9DA02AAC-02F7-4A3B-A870-535027F6E53C}.Release|Any CPU.ActiveCfg = Release|Any CPU
		{9DA02AAC-02F7-4A3B-A870-535027F6E53C}.Release|Any CPU.Build.0 = Release|Any CPU
	EndGlobalSection
	GlobalSection(SolutionProperties) = preSolution
		HideSolutionNode = FALSE
	EndGlobalSection
	GlobalSection(ExtensibilityGlobals) = postSolution
		SolutionGuid = {E86DEEB3-9231-4248-BBBF-B00544051CE9}
	EndGlobalSection
EndGlobal
