
Microsoft Visual Studio Solution File, Format Version 12.00
# Visual Studio 15
VisualStudioVersion = 15.0.28010.0
MinimumVisualStudioVersion = 10.0.40219.1
Project("{FAE04EC0-301F-11D3-BF4B-00C04F79EFBC}") = "MaxSymbols of decimal", "MaxSymbols of decimal\MaxSymbols of decimal.csproj", "{966196EA-4982-496E-BB9A-6A853BDFF4FD}"
EndProject
Global
	GlobalSection(SolutionConfigurationPlatforms) = preSolution
		Debug|Any CPU = Debug|Any CPU
		Release|Any CPU = Release|Any CPU
	EndGlobalSection
	GlobalSection(ProjectConfigurationPlatforms) = postSolution
		{966196EA-4982-496E-BB9A-6A853BDFF4FD}.Debug|Any CPU.ActiveCfg = Debug|Any CPU
		{966196EA-4982-496E-BB9A-6A853BDFF4FD}.Debug|Any CPU.Build.0 = Debug|Any CPU
		{966196EA-4982-496E-BB9A-6A853BDFF4FD}.Release|Any CPU.ActiveCfg = Release|Any CPU
		{966196EA-4982-496E-BB9A-6A853BDFF4FD}.Release|Any CPU.Build.0 = Release|Any CPU
	EndGlobalSection
	GlobalSection(SolutionProperties) = preSolution
		HideSolutionNode = FALSE
	EndGlobalSection
	GlobalSection(ExtensibilityGlobals) = postSolution
		SolutionGuid = {9714E9B8-9B6F-4F8F-BAE8-809A75075724}
	EndGlobalSection
EndGlobal
