
Microsoft Visual Studio Solution File, Format Version 12.00
# Visual Studio 15
VisualStudioVersion = 15.0.28010.0
MinimumVisualStudioVersion = 10.0.40219.1
Project("{FAE04EC0-301F-11D3-BF4B-00C04F79EFBC}") = "MaxSymbols of float", "MaxSymbols of float\MaxSymbols of float.csproj", "{CBDEE2DF-0C76-44A7-B69F-CAC5BBF6256F}"
EndProject
Global
	GlobalSection(SolutionConfigurationPlatforms) = preSolution
		Debug|Any CPU = Debug|Any CPU
		Release|Any CPU = Release|Any CPU
	EndGlobalSection
	GlobalSection(ProjectConfigurationPlatforms) = postSolution
		{CBDEE2DF-0C76-44A7-B69F-CAC5BBF6256F}.Debug|Any CPU.ActiveCfg = Debug|Any CPU
		{CBDEE2DF-0C76-44A7-B69F-CAC5BBF6256F}.Debug|Any CPU.Build.0 = Debug|Any CPU
		{CBDEE2DF-0C76-44A7-B69F-CAC5BBF6256F}.Release|Any CPU.ActiveCfg = Release|Any CPU
		{CBDEE2DF-0C76-44A7-B69F-CAC5BBF6256F}.Release|Any CPU.Build.0 = Release|Any CPU
	EndGlobalSection
	GlobalSection(SolutionProperties) = preSolution
		HideSolutionNode = FALSE
	EndGlobalSection
	GlobalSection(ExtensibilityGlobals) = postSolution
		SolutionGuid = {B614F509-FB31-4963-97EA-48E15F3E757F}
	EndGlobalSection
EndGlobal
