
Microsoft Visual Studio Solution File, Format Version 12.00
# Visual Studio 15
VisualStudioVersion = 15.0.28010.0
MinimumVisualStudioVersion = 10.0.40219.1
Project("{FAE04EC0-301F-11D3-BF4B-00C04F79EFBC}") = "Odd Even Sum", "Odd Even Sum\Odd Even Sum.csproj", "{D9A15CDB-3FEB-44AC-8861-342313361697}"
EndProject
Global
	GlobalSection(SolutionConfigurationPlatforms) = preSolution
		Debug|Any CPU = Debug|Any CPU
		Release|Any CPU = Release|Any CPU
	EndGlobalSection
	GlobalSection(ProjectConfigurationPlatforms) = postSolution
		{D9A15CDB-3FEB-44AC-8861-342313361697}.Debug|Any CPU.ActiveCfg = Debug|Any CPU
		{D9A15CDB-3FEB-44AC-8861-342313361697}.Debug|Any CPU.Build.0 = Debug|Any CPU
		{D9A15CDB-3FEB-44AC-8861-342313361697}.Release|Any CPU.ActiveCfg = Release|Any CPU
		{D9A15CDB-3FEB-44AC-8861-342313361697}.Release|Any CPU.Build.0 = Release|Any CPU
	EndGlobalSection
	GlobalSection(SolutionProperties) = preSolution
		HideSolutionNode = FALSE
	EndGlobalSection
	GlobalSection(ExtensibilityGlobals) = postSolution
		SolutionGuid = {0359F1AB-2DDD-45CF-87C9-E38D1C736BAC}
	EndGlobalSection
EndGlobal
