
Microsoft Visual Studio Solution File, Format Version 12.00
# Visual Studio 15
VisualStudioVersion = 15.0.28010.0
MinimumVisualStudioVersion = 10.0.40219.1
Project("{FAE04EC0-301F-11D3-BF4B-00C04F79EFBC}") = "Greater number", "Greater number\Greater number.csproj", "{18EB304F-F444-44E9-9278-28748A015447}"
EndProject
Global
	GlobalSection(SolutionConfigurationPlatforms) = preSolution
		Debug|Any CPU = Debug|Any CPU
		Release|Any CPU = Release|Any CPU
	EndGlobalSection
	GlobalSection(ProjectConfigurationPlatforms) = postSolution
		{18EB304F-F444-44E9-9278-28748A015447}.Debug|Any CPU.ActiveCfg = Debug|Any CPU
		{18EB304F-F444-44E9-9278-28748A015447}.Debug|Any CPU.Build.0 = Debug|Any CPU
		{18EB304F-F444-44E9-9278-28748A015447}.Release|Any CPU.ActiveCfg = Release|Any CPU
		{18EB304F-F444-44E9-9278-28748A015447}.Release|Any CPU.Build.0 = Release|Any CPU
	EndGlobalSection
	GlobalSection(SolutionProperties) = preSolution
		HideSolutionNode = FALSE
	EndGlobalSection
	GlobalSection(ExtensibilityGlobals) = postSolution
		SolutionGuid = {E1649D33-E7FB-4B18-BFC5-E46FAC2E7444}
	EndGlobalSection
EndGlobal
