
Microsoft Visual Studio Solution File, Format Version 12.00
# Visual Studio 15
VisualStudioVersion = 15.0.28010.0
MinimumVisualStudioVersion = 10.0.40219.1
Project("{FAE04EC0-301F-11D3-BF4B-00C04F79EFBC}") = "CheckPrime", "CheckPrime\CheckPrime.csproj", "{BCBE3953-78F4-4DA2-BDD1-DB3EC762DE08}"
EndProject
Global
	GlobalSection(SolutionConfigurationPlatforms) = preSolution
		Debug|Any CPU = Debug|Any CPU
		Release|Any CPU = Release|Any CPU
	EndGlobalSection
	GlobalSection(ProjectConfigurationPlatforms) = postSolution
		{BCBE3953-78F4-4DA2-BDD1-DB3EC762DE08}.Debug|Any CPU.ActiveCfg = Debug|Any CPU
		{BCBE3953-78F4-4DA2-BDD1-DB3EC762DE08}.Debug|Any CPU.Build.0 = Debug|Any CPU
		{BCBE3953-78F4-4DA2-BDD1-DB3EC762DE08}.Release|Any CPU.ActiveCfg = Release|Any CPU
		{BCBE3953-78F4-4DA2-BDD1-DB3EC762DE08}.Release|Any CPU.Build.0 = Release|Any CPU
	EndGlobalSection
	GlobalSection(SolutionProperties) = preSolution
		HideSolutionNode = FALSE
	EndGlobalSection
	GlobalSection(ExtensibilityGlobals) = postSolution
		SolutionGuid = {2BA69000-3CB8-451F-B3BC-B5DE0446ECE4}
	EndGlobalSection
EndGlobal
