
Microsoft Visual Studio Solution File, Format Version 12.00
# Visual Studio 15
VisualStudioVersion = 15.0.28010.0
MinimumVisualStudioVersion = 10.0.40219.1
Project("{FAE04EC0-301F-11D3-BF4B-00C04F79EFBC}") = "Password Guess", "Password Guess\Password Guess.csproj", "{237F41D3-FDED-4526-BB83-560AA01D318D}"
EndProject
Global
	GlobalSection(SolutionConfigurationPlatforms) = preSolution
		Debug|Any CPU = Debug|Any CPU
		Release|Any CPU = Release|Any CPU
	EndGlobalSection
	GlobalSection(ProjectConfigurationPlatforms) = postSolution
		{237F41D3-FDED-4526-BB83-560AA01D318D}.Debug|Any CPU.ActiveCfg = Debug|Any CPU
		{237F41D3-FDED-4526-BB83-560AA01D318D}.Debug|Any CPU.Build.0 = Debug|Any CPU
		{237F41D3-FDED-4526-BB83-560AA01D318D}.Release|Any CPU.ActiveCfg = Release|Any CPU
		{237F41D3-FDED-4526-BB83-560AA01D318D}.Release|Any CPU.Build.0 = Release|Any CPU
	EndGlobalSection
	GlobalSection(SolutionProperties) = preSolution
		HideSolutionNode = FALSE
	EndGlobalSection
	GlobalSection(ExtensibilityGlobals) = postSolution
		SolutionGuid = {FB45FBA6-04A9-41E4-81AB-7BA5DE213E10}
	EndGlobalSection
EndGlobal
