
Microsoft Visual Studio Solution File, Format Version 12.00
# Visual Studio 15
VisualStudioVersion = 15.0.28010.0
MinimumVisualStudioVersion = 10.0.40219.1
Project("{FAE04EC0-301F-11D3-BF4B-00C04F79EFBC}") = "TicketforMatch", "TicketforMatch\TicketforMatch.csproj", "{0DA6427A-2C09-4E90-B470-22F6FA7EA6EC}"
EndProject
Global
	GlobalSection(SolutionConfigurationPlatforms) = preSolution
		Debug|Any CPU = Debug|Any CPU
		Release|Any CPU = Release|Any CPU
	EndGlobalSection
	GlobalSection(ProjectConfigurationPlatforms) = postSolution
		{0DA6427A-2C09-4E90-B470-22F6FA7EA6EC}.Debug|Any CPU.ActiveCfg = Debug|Any CPU
		{0DA6427A-2C09-4E90-B470-22F6FA7EA6EC}.Debug|Any CPU.Build.0 = Debug|Any CPU
		{0DA6427A-2C09-4E90-B470-22F6FA7EA6EC}.Release|Any CPU.ActiveCfg = Release|Any CPU
		{0DA6427A-2C09-4E90-B470-22F6FA7EA6EC}.Release|Any CPU.Build.0 = Release|Any CPU
	EndGlobalSection
	GlobalSection(SolutionProperties) = preSolution
		HideSolutionNode = FALSE
	EndGlobalSection
	GlobalSection(ExtensibilityGlobals) = postSolution
		SolutionGuid = {60AF62B7-EAD1-43F8-B239-E92FD79DC7C0}
	EndGlobalSection
EndGlobal
