
Microsoft Visual Studio Solution File, Format Version 12.00
# Visual Studio 15
VisualStudioVersion = 15.0.28010.0
MinimumVisualStudioVersion = 10.0.40219.1
Project("{FAE04EC0-301F-11D3-BF4B-00C04F79EFBC}") = "Area of Figures", "Area of Figures\Area of Figures.csproj", "{0C076665-4DBC-42E1-8F68-698766C5238B}"
EndProject
Global
	GlobalSection(SolutionConfigurationPlatforms) = preSolution
		Debug|Any CPU = Debug|Any CPU
		Release|Any CPU = Release|Any CPU
	EndGlobalSection
	GlobalSection(ProjectConfigurationPlatforms) = postSolution
		{0C076665-4DBC-42E1-8F68-698766C5238B}.Debug|Any CPU.ActiveCfg = Debug|Any CPU
		{0C076665-4DBC-42E1-8F68-698766C5238B}.Debug|Any CPU.Build.0 = Debug|Any CPU
		{0C076665-4DBC-42E1-8F68-698766C5238B}.Release|Any CPU.ActiveCfg = Release|Any CPU
		{0C076665-4DBC-42E1-8F68-698766C5238B}.Release|Any CPU.Build.0 = Release|Any CPU
	EndGlobalSection
	GlobalSection(SolutionProperties) = preSolution
		HideSolutionNode = FALSE
	EndGlobalSection
	GlobalSection(ExtensibilityGlobals) = postSolution
		SolutionGuid = {FE5677E4-DEB5-44D9-91B4-1A3E5CE72F59}
	EndGlobalSection
EndGlobal
