
Microsoft Visual Studio Solution File, Format Version 12.00
# Visual Studio 15
VisualStudioVersion = 15.0.28010.0
MinimumVisualStudioVersion = 10.0.40219.1
Project("{FAE04EC0-301F-11D3-BF4B-00C04F79EFBC}") = "Invalid Number", "Invalid Number\Invalid Number.csproj", "{60790BEE-7B9A-46D1-97D3-0826FD4C8082}"
EndProject
Global
	GlobalSection(SolutionConfigurationPlatforms) = preSolution
		Debug|Any CPU = Debug|Any CPU
		Release|Any CPU = Release|Any CPU
	EndGlobalSection
	GlobalSection(ProjectConfigurationPlatforms) = postSolution
		{60790BEE-7B9A-46D1-97D3-0826FD4C8082}.Debug|Any CPU.ActiveCfg = Debug|Any CPU
		{60790BEE-7B9A-46D1-97D3-0826FD4C8082}.Debug|Any CPU.Build.0 = Debug|Any CPU
		{60790BEE-7B9A-46D1-97D3-0826FD4C8082}.Release|Any CPU.ActiveCfg = Release|Any CPU
		{60790BEE-7B9A-46D1-97D3-0826FD4C8082}.Release|Any CPU.Build.0 = Release|Any CPU
	EndGlobalSection
	GlobalSection(SolutionProperties) = preSolution
		HideSolutionNode = FALSE
	EndGlobalSection
	GlobalSection(ExtensibilityGlobals) = postSolution
		SolutionGuid = {B4AD2EEF-4AAD-400C-B59D-1B684F4623DC}
	EndGlobalSection
EndGlobal
