
Microsoft Visual Studio Solution File, Format Version 12.00
# Visual Studio 15
VisualStudioVersion = 15.0.28010.0
MinimumVisualStudioVersion = 10.0.40219.1
Project("{FAE04EC0-301F-11D3-BF4B-00C04F79EFBC}") = "Numbers1To100", "Numbers1To100\Numbers1To100.csproj", "{F09E8277-424F-4125-B5E6-BC32456AA102}"
EndProject
Global
	GlobalSection(SolutionConfigurationPlatforms) = preSolution
		Debug|Any CPU = Debug|Any CPU
		Release|Any CPU = Release|Any CPU
	EndGlobalSection
	GlobalSection(ProjectConfigurationPlatforms) = postSolution
		{F09E8277-424F-4125-B5E6-BC32456AA102}.Debug|Any CPU.ActiveCfg = Debug|Any CPU
		{F09E8277-424F-4125-B5E6-BC32456AA102}.Debug|Any CPU.Build.0 = Debug|Any CPU
		{F09E8277-424F-4125-B5E6-BC32456AA102}.Release|Any CPU.ActiveCfg = Release|Any CPU
		{F09E8277-424F-4125-B5E6-BC32456AA102}.Release|Any CPU.Build.0 = Release|Any CPU
	EndGlobalSection
	GlobalSection(SolutionProperties) = preSolution
		HideSolutionNode = FALSE
	EndGlobalSection
	GlobalSection(ExtensibilityGlobals) = postSolution
		SolutionGuid = {35BB1508-B0FC-4D30-A0C2-DF7F317F4692}
	EndGlobalSection
EndGlobal
