
Microsoft Visual Studio Solution File, Format Version 12.00
# Visual Studio 15
VisualStudioVersion = 15.0.28010.0
MinimumVisualStudioVersion = 10.0.40219.1
Project("{FAE04EC0-301F-11D3-BF4B-00C04F79EFBC}") = "trapec", "trapec\trapec.csproj", "{A41D5707-890A-453F-9809-F76D0BF48A3E}"
EndProject
Global
	GlobalSection(SolutionConfigurationPlatforms) = preSolution
		Debug|Any CPU = Debug|Any CPU
		Release|Any CPU = Release|Any CPU
	EndGlobalSection
	GlobalSection(ProjectConfigurationPlatforms) = postSolution
		{A41D5707-890A-453F-9809-F76D0BF48A3E}.Debug|Any CPU.ActiveCfg = Debug|Any CPU
		{A41D5707-890A-453F-9809-F76D0BF48A3E}.Debug|Any CPU.Build.0 = Debug|Any CPU
		{A41D5707-890A-453F-9809-F76D0BF48A3E}.Release|Any CPU.ActiveCfg = Release|Any CPU
		{A41D5707-890A-453F-9809-F76D0BF48A3E}.Release|Any CPU.Build.0 = Release|Any CPU
	EndGlobalSection
	GlobalSection(SolutionProperties) = preSolution
		HideSolutionNode = FALSE
	EndGlobalSection
	GlobalSection(ExtensibilityGlobals) = postSolution
		SolutionGuid = {0CC23701-DDFA-4FAD-881E-8DE51E71BBE2}
	EndGlobalSection
EndGlobal
